// !$*UTF8*$!
{
	archiveVersion = 1;
	classes = {
	};
	objectVersion = 51;
	objects = {

/* Begin PBXBuildFile section */
		1CC9726E268257D400D48F38 /* AppDelegate.swift in Sources */ = {isa = PBXBuildFile; fileRef = 1CC9726D268257D400D48F38 /* AppDelegate.swift */; };
		1CC97277268257D800D48F38 /* Assets.xcassets in Resources */ = {isa = PBXBuildFile; fileRef = 1CC97276268257D800D48F38 /* Assets.xcassets */; };
		1CC9727A268257D800D48F38 /* LaunchScreen.storyboard in Resources */ = {isa = PBXBuildFile; fileRef = 1CC97278268257D800D48F38 /* LaunchScreen.storyboard */; };
		1CC9728426825C0400D48F38 /* TabBarViewController.swift in Sources */ = {isa = PBXBuildFile; fileRef = 1CC9728326825C0400D48F38 /* TabBarViewController.swift */; };
		1CC9728F26825EB600D48F38 /* Profile.storyboard in Resources */ = {isa = PBXBuildFile; fileRef = 1CC9728E26825EB600D48F38 /* Profile.storyboard */; };
		1CC9729126825EFB00D48F38 /* ProfileViewController.swift in Sources */ = {isa = PBXBuildFile; fileRef = 1CC9729026825EFB00D48F38 /* ProfileViewController.swift */; };
		1CC9729326825F0C00D48F38 /* Feed.storyboard in Resources */ = {isa = PBXBuildFile; fileRef = 1CC9729226825F0C00D48F38 /* Feed.storyboard */; };
		1CC9729526825F1A00D48F38 /* FeedViewController.swift in Sources */ = {isa = PBXBuildFile; fileRef = 1CC9729426825F1A00D48F38 /* FeedViewController.swift */; };
		1CC9729726825F2B00D48F38 /* Login.storyboard in Resources */ = {isa = PBXBuildFile; fileRef = 1CC9729626825F2B00D48F38 /* Login.storyboard */; };
		1CC9729926825F3F00D48F38 /* LoginViewController.swift in Sources */ = {isa = PBXBuildFile; fileRef = 1CC9729826825F3F00D48F38 /* LoginViewController.swift */; };
		1CC9729D2682611300D48F38 /* UserDefaultConst.swift in Sources */ = {isa = PBXBuildFile; fileRef = 1CC9729C2682611300D48F38 /* UserDefaultConst.swift */; };
		1CC972A12683775400D48F38 /* ProfileModel.swift in Sources */ = {isa = PBXBuildFile; fileRef = 1CC972A02683775400D48F38 /* ProfileModel.swift */; };
		1CC972A32683776300D48F38 /* NewsModel.swift in Sources */ = {isa = PBXBuildFile; fileRef = 1CC972A22683776300D48F38 /* NewsModel.swift */; };
		1CC972A62683A6CA00D48F38 /* ProfileTableViewCell.swift in Sources */ = {isa = PBXBuildFile; fileRef = 1CC972A52683A6CA00D48F38 /* ProfileTableViewCell.swift */; };
		1CC972A82683A6DC00D48F38 /* PostTableViewCell.swift in Sources */ = {isa = PBXBuildFile; fileRef = 1CC972A72683A6DC00D48F38 /* PostTableViewCell.swift */; };
		1CC972AA2683A6EE00D48F38 /* InfoTableViewCell.swift in Sources */ = {isa = PBXBuildFile; fileRef = 1CC972A92683A6EE00D48F38 /* InfoTableViewCell.swift */; };
		4E4E113D6216F1642E6AA4BF /* Pods_VkFeed.framework in Frameworks */ = {isa = PBXBuildFile; fileRef = EFAD8034168E5FFB73AEABB0 /* Pods_VkFeed.framework */; };
/* End PBXBuildFile section */

/* Begin PBXFileReference section */
		1CC9726A268257D400D48F38 /* VkFeed.app */ = {isa = PBXFileReference; explicitFileType = wrapper.application; includeInIndex = 0; path = VkFeed.app; sourceTree = BUILT_PRODUCTS_DIR; };
		1CC9726D268257D400D48F38 /* AppDelegate.swift */ = {isa = PBXFileReference; lastKnownFileType = sourcecode.swift; path = AppDelegate.swift; sourceTree = "<group>"; };
		1CC97276268257D800D48F38 /* Assets.xcassets */ = {isa = PBXFileReference; lastKnownFileType = folder.assetcatalog; path = Assets.xcassets; sourceTree = "<group>"; };
		1CC97279268257D800D48F38 /* Base */ = {isa = PBXFileReference; lastKnownFileType = file.storyboard; name = Base; path = Base.lproj/LaunchScreen.storyboard; sourceTree = "<group>"; };
		1CC9727B268257D800D48F38 /* Info.plist */ = {isa = PBXFileReference; lastKnownFileType = text.plist.xml; path = Info.plist; sourceTree = "<group>"; };
		1CC9728326825C0400D48F38 /* TabBarViewController.swift */ = {isa = PBXFileReference; lastKnownFileType = sourcecode.swift; path = TabBarViewController.swift; sourceTree = "<group>"; };
		1CC9728E26825EB600D48F38 /* Profile.storyboard */ = {isa = PBXFileReference; lastKnownFileType = file.storyboard; path = Profile.storyboard; sourceTree = "<group>"; };
		1CC9729026825EFB00D48F38 /* ProfileViewController.swift */ = {isa = PBXFileReference; lastKnownFileType = sourcecode.swift; path = ProfileViewController.swift; sourceTree = "<group>"; };
		1CC9729226825F0C00D48F38 /* Feed.storyboard */ = {isa = PBXFileReference; lastKnownFileType = file.storyboard; path = Feed.storyboard; sourceTree = "<group>"; };
		1CC9729426825F1A00D48F38 /* FeedViewController.swift */ = {isa = PBXFileReference; lastKnownFileType = sourcecode.swift; path = FeedViewController.swift; sourceTree = "<group>"; };
		1CC9729626825F2B00D48F38 /* Login.storyboard */ = {isa = PBXFileReference; lastKnownFileType = file.storyboard; path = Login.storyboard; sourceTree = "<group>"; };
		1CC9729826825F3F00D48F38 /* LoginViewController.swift */ = {isa = PBXFileReference; lastKnownFileType = sourcecode.swift; path = LoginViewController.swift; sourceTree = "<group>"; };
		1CC9729C2682611300D48F38 /* UserDefaultConst.swift */ = {isa = PBXFileReference; lastKnownFileType = sourcecode.swift; path = UserDefaultConst.swift; sourceTree = "<group>"; };
		1CC972A02683775400D48F38 /* ProfileModel.swift */ = {isa = PBXFileReference; lastKnownFileType = sourcecode.swift; path = ProfileModel.swift; sourceTree = "<group>"; };
		1CC972A22683776300D48F38 /* NewsModel.swift */ = {isa = PBXFileReference; lastKnownFileType = sourcecode.swift; path = NewsModel.swift; sourceTree = "<group>"; };
		1CC972A52683A6CA00D48F38 /* ProfileTableViewCell.swift */ = {isa = PBXFileReference; lastKnownFileType = sourcecode.swift; path = ProfileTableViewCell.swift; sourceTree = "<group>"; };
		1CC972A72683A6DC00D48F38 /* PostTableViewCell.swift */ = {isa = PBXFileReference; lastKnownFileType = sourcecode.swift; path = PostTableViewCell.swift; sourceTree = "<group>"; };
		1CC972A92683A6EE00D48F38 /* InfoTableViewCell.swift */ = {isa = PBXFileReference; lastKnownFileType = sourcecode.swift; path = InfoTableViewCell.swift; sourceTree = "<group>"; };
		72FEDC65CA545D70EB11CEA9 /* Pods-VkFeed.release.xcconfig */ = {isa = PBXFileReference; includeInIndex = 1; lastKnownFileType = text.xcconfig; name = "Pods-VkFeed.release.xcconfig"; path = "Target Support Files/Pods-VkFeed/Pods-VkFeed.release.xcconfig"; sourceTree = "<group>"; };
		E3648BF44DFA4A79BA06C1FE /* Pods-VkFeed.debug.xcconfig */ = {isa = PBXFileReference; includeInIndex = 1; lastKnownFileType = text.xcconfig; name = "Pods-VkFeed.debug.xcconfig"; path = "Target Support Files/Pods-VkFeed/Pods-VkFeed.debug.xcconfig"; sourceTree = "<group>"; };
		EFAD8034168E5FFB73AEABB0 /* Pods_VkFeed.framework */ = {isa = PBXFileReference; explicitFileType = wrapper.framework; includeInIndex = 0; path = Pods_VkFeed.framework; sourceTree = BUILT_PRODUCTS_DIR; };
/* End PBXFileReference section */

/* Begin PBXFrameworksBuildPhase section */
		1CC97267268257D400D48F38 /* Frameworks */ = {
			isa = PBXFrameworksBuildPhase;
			buildActionMask = 2147483647;
			files = (
				4E4E113D6216F1642E6AA4BF /* Pods_VkFeed.framework in Frameworks */,
			);
			runOnlyForDeploymentPostprocessing = 0;
		};
/* End PBXFrameworksBuildPhase section */

/* Begin PBXGroup section */
		1CC97261268257D400D48F38 = {
			isa = PBXGroup;
			children = (
				1CC9726C268257D400D48F38 /* VkFeed */,
				1CC9726B268257D400D48F38 /* Products */,
				21A9CCD12C70348653EE5220 /* Pods */,
				1CE9BD2031ACBF623DAAA186 /* Frameworks */,
			);
			sourceTree = "<group>";
		};
		1CC9726B268257D400D48F38 /* Products */ = {
			isa = PBXGroup;
			children = (
				1CC9726A268257D400D48F38 /* VkFeed.app */,
			);
			name = Products;
			sourceTree = "<group>";
		};
		1CC9726C268257D400D48F38 /* VkFeed */ = {
			isa = PBXGroup;
			children = (
				1CC9728126825B8D00D48F38 /* Groups */,
				1CC9726D268257D400D48F38 /* AppDelegate.swift */,
				1CC97276268257D800D48F38 /* Assets.xcassets */,
				1CC97278268257D800D48F38 /* LaunchScreen.storyboard */,
				1CC9727B268257D800D48F38 /* Info.plist */,
			);
			path = VkFeed;
			sourceTree = "<group>";
		};
		1CC9728126825B8D00D48F38 /* Groups */ = {
			isa = PBXGroup;
			children = (
				1CC9729E2683772C00D48F38 /* Model */,
				1CC9729A268260E500D48F38 /* Other */,
				1CC9728726825D5700D48F38 /* Profile */,
				1CC9728626825D5100D48F38 /* Feed */,
				1CC9728526825D4600D48F38 /* Login */,
				1CC9728226825B9B00D48F38 /* Tabbar */,
			);
			path = Groups;
			sourceTree = "<group>";
		};
		1CC9728226825B9B00D48F38 /* Tabbar */ = {
			isa = PBXGroup;
			children = (
				1CC9728326825C0400D48F38 /* TabBarViewController.swift */,
			);
			path = Tabbar;
			sourceTree = "<group>";
		};
		1CC9728526825D4600D48F38 /* Login */ = {
			isa = PBXGroup;
			children = (
				1CC9728D26825E2C00D48F38 /* Storyboard */,
				1CC9728C26825E2100D48F38 /* ViewController */,
			);
			path = Login;
			sourceTree = "<group>";
		};
		1CC9728626825D5100D48F38 /* Feed */ = {
			isa = PBXGroup;
			children = (
				1CC972A42683A6AC00D48F38 /* Cell */,
				1CC9728B26825E1500D48F38 /* Storyboard */,
				1CC9728A26825DFF00D48F38 /* ViewController */,
			);
			path = Feed;
			sourceTree = "<group>";
		};
		1CC9728726825D5700D48F38 /* Profile */ = {
			isa = PBXGroup;
			children = (
				1CC9728926825D9700D48F38 /* Storyboard */,
				1CC9728826825D8800D48F38 /* ViewController */,
			);
			path = Profile;
			sourceTree = "<group>";
		};
		1CC9728826825D8800D48F38 /* ViewController */ = {
			isa = PBXGroup;
			children = (
				1CC9729026825EFB00D48F38 /* ProfileViewController.swift */,
			);
			path = ViewController;
			sourceTree = "<group>";
		};
		1CC9728926825D9700D48F38 /* Storyboard */ = {
			isa = PBXGroup;
			children = (
				1CC9728E26825EB600D48F38 /* Profile.storyboard */,
			);
			path = Storyboard;
			sourceTree = "<group>";
		};
		1CC9728A26825DFF00D48F38 /* ViewController */ = {
			isa = PBXGroup;
			children = (
				1CC9729426825F1A00D48F38 /* FeedViewController.swift */,
			);
			path = ViewController;
			sourceTree = "<group>";
		};
		1CC9728B26825E1500D48F38 /* Storyboard */ = {
			isa = PBXGroup;
			children = (
				1CC9729226825F0C00D48F38 /* Feed.storyboard */,
			);
			path = Storyboard;
			sourceTree = "<group>";
		};
		1CC9728C26825E2100D48F38 /* ViewController */ = {
			isa = PBXGroup;
			children = (
				1CC9729826825F3F00D48F38 /* LoginViewController.swift */,
			);
			path = ViewController;
			sourceTree = "<group>";
		};
		1CC9728D26825E2C00D48F38 /* Storyboard */ = {
			isa = PBXGroup;
			children = (
				1CC9729626825F2B00D48F38 /* Login.storyboard */,
			);
			path = Storyboard;
			sourceTree = "<group>";
		};
		1CC9729A268260E500D48F38 /* Other */ = {
			isa = PBXGroup;
			children = (
				1CC9729B268260ED00D48F38 /* UserDefaultConst */,
			);
			path = Other;
			sourceTree = "<group>";
		};
		1CC9729B268260ED00D48F38 /* UserDefaultConst */ = {
			isa = PBXGroup;
			children = (
				1CC9729C2682611300D48F38 /* UserDefaultConst.swift */,
			);
			path = UserDefaultConst;
			sourceTree = "<group>";
		};
		1CC9729E2683772C00D48F38 /* Model */ = {
			isa = PBXGroup;
			children = (
				1CC972A02683775400D48F38 /* ProfileModel.swift */,
				1CC972A22683776300D48F38 /* NewsModel.swift */,
			);
			path = Model;
			sourceTree = "<group>";
		};
		1CC972A42683A6AC00D48F38 /* Cell */ = {
			isa = PBXGroup;
			children = (
				1CC972A52683A6CA00D48F38 /* ProfileTableViewCell.swift */,
				1CC972A72683A6DC00D48F38 /* PostTableViewCell.swift */,
				1CC972A92683A6EE00D48F38 /* InfoTableViewCell.swift */,
			);
			path = Cell;
			sourceTree = "<group>";
		};
		1CE9BD2031ACBF623DAAA186 /* Frameworks */ = {
			isa = PBXGroup;
			children = (
				EFAD8034168E5FFB73AEABB0 /* Pods_VkFeed.framework */,
			);
			name = Frameworks;
			sourceTree = "<group>";
		};
		21A9CCD12C70348653EE5220 /* Pods */ = {
			isa = PBXGroup;
			children = (
				E3648BF44DFA4A79BA06C1FE /* Pods-VkFeed.debug.xcconfig */,
				72FEDC65CA545D70EB11CEA9 /* Pods-VkFeed.release.xcconfig */,
			);
			path = Pods;
			sourceTree = "<group>";
		};
/* End PBXGroup section */

/* Begin PBXNativeTarget section */
		1CC97269268257D400D48F38 /* VkFeed */ = {
			isa = PBXNativeTarget;
			buildConfigurationList = 1CC9727E268257D800D48F38 /* Build configuration list for PBXNativeTarget "VkFeed" */;
			buildPhases = (
				206C3736BD89F0DC47DCACC4 /* [CP] Check Pods Manifest.lock */,
				1CC97266268257D400D48F38 /* Sources */,
				1CC97267268257D400D48F38 /* Frameworks */,
				1CC97268268257D400D48F38 /* Resources */,
				D31759336BC9DD39B88D2D21 /* [CP] Embed Pods Frameworks */,
			);
			buildRules = (
			);
			dependencies = (
			);
			name = VkFeed;
			productName = VkFeed;
			productReference = 1CC9726A268257D400D48F38 /* VkFeed.app */;
			productType = "com.apple.product-type.application";
		};
/* End PBXNativeTarget section */

/* Begin PBXProject section */
		1CC97262268257D400D48F38 /* Project object */ = {
			isa = PBXProject;
			attributes = {
				LastSwiftUpdateCheck = 1250;
				LastUpgradeCheck = 1250;
				TargetAttributes = {
					1CC97269268257D400D48F38 = {
						CreatedOnToolsVersion = 12.5;
					};
				};
			};
			buildConfigurationList = 1CC97265268257D400D48F38 /* Build configuration list for PBXProject "VkFeed" */;
			compatibilityVersion = "Xcode 9.3";
			developmentRegion = en;
			hasScannedForEncodings = 0;
			knownRegions = (
				en,
				Base,
			);
			mainGroup = 1CC97261268257D400D48F38;
			productRefGroup = 1CC9726B268257D400D48F38 /* Products */;
			projectDirPath = "";
			projectRoot = "";
			targets = (
				1CC97269268257D400D48F38 /* VkFeed */,
			);
		};
/* End PBXProject section */

/* Begin PBXResourcesBuildPhase section */
		1CC97268268257D400D48F38 /* Resources */ = {
			isa = PBXResourcesBuildPhase;
			buildActionMask = 2147483647;
			files = (
				1CC9729326825F0C00D48F38 /* Feed.storyboard in Resources */,
				1CC9727A268257D800D48F38 /* LaunchScreen.storyboard in Resources */,
				1CC9729726825F2B00D48F38 /* Login.storyboard in Resources */,
				1CC97277268257D800D48F38 /* Assets.xcassets in Resources */,
				1CC9728F26825EB600D48F38 /* Profile.storyboard in Resources */,
			);
			runOnlyForDeploymentPostprocessing = 0;
		};
/* End PBXResourcesBuildPhase section */

/* Begin PBXShellScriptBuildPhase section */
		206C3736BD89F0DC47DCACC4 /* [CP] Check Pods Manifest.lock */ = {
			isa = PBXShellScriptBuildPhase;
			buildActionMask = 2147483647;
			files = (
			);
			inputFileListPaths = (
			);
			inputPaths = (
				"${PODS_PODFILE_DIR_PATH}/Podfile.lock",
				"${PODS_ROOT}/Manifest.lock",
			);
			name = "[CP] Check Pods Manifest.lock";
			outputFileListPaths = (
			);
			outputPaths = (
				"$(DERIVED_FILE_DIR)/Pods-VkFeed-checkManifestLockResult.txt",
			);
			runOnlyForDeploymentPostprocessing = 0;
			shellPath = /bin/sh;
			shellScript = "diff \"${PODS_PODFILE_DIR_PATH}/Podfile.lock\" \"${PODS_ROOT}/Manifest.lock\" > /dev/null\nif [ $? != 0 ] ; then\n    # print error to STDERR\n    echo \"error: The sandbox is not in sync with the Podfile.lock. Run 'pod install' or update your CocoaPods installation.\" >&2\n    exit 1\nfi\n# This output is used by Xcode 'outputs' to avoid re-running this script phase.\necho \"SUCCESS\" > \"${SCRIPT_OUTPUT_FILE_0}\"\n";
			showEnvVarsInLog = 0;
		};
		D31759336BC9DD39B88D2D21 /* [CP] Embed Pods Frameworks */ = {
			isa = PBXShellScriptBuildPhase;
			buildActionMask = 2147483647;
			files = (
			);
			inputFileListPaths = (
				"${PODS_ROOT}/Target Support Files/Pods-VkFeed/Pods-VkFeed-frameworks-${CONFIGURATION}-input-files.xcfilelist",
			);
			name = "[CP] Embed Pods Frameworks";
			outputFileListPaths = (
				"${PODS_ROOT}/Target Support Files/Pods-VkFeed/Pods-VkFeed-frameworks-${CONFIGURATION}-output-files.xcfilelist",
			);
			runOnlyForDeploymentPostprocessing = 0;
			shellPath = /bin/sh;
			shellScript = "\"${PODS_ROOT}/Target Support Files/Pods-VkFeed/Pods-VkFeed-frameworks.sh\"\n";
			showEnvVarsInLog = 0;
		};
/* End PBXShellScriptBuildPhase section */

/* Begin PBXSourcesBuildPhase section */
		1CC97266268257D400D48F38 /* Sources */ = {
			isa = PBXSourcesBuildPhase;
			buildActionMask = 2147483647;
			files = (
				1CC972A32683776300D48F38 /* NewsModel.swift in Sources */,
				1CC9729926825F3F00D48F38 /* LoginViewController.swift in Sources */,
				1CC972A12683775400D48F38 /* ProfileModel.swift in Sources */,
				1CC972A62683A6CA00D48F38 /* ProfileTableViewCell.swift in Sources */,
				1CC9728426825C0400D48F38 /* TabBarViewController.swift in Sources */,
				1CC9729126825EFB00D48F38 /* ProfileViewController.swift in Sources */,
				1CC9729D2682611300D48F38 /* UserDefaultConst.swift in Sources */,
				1CC972A82683A6DC00D48F38 /* PostTableViewCell.swift in Sources */,
				1CC972AA2683A6EE00D48F38 /* InfoTableViewCell.swift in Sources */,
				1CC9726E268257D400D48F38 /* AppDelegate.swift in Sources */,
				1CC9729526825F1A00D48F38 /* FeedViewController.swift in Sources */,
			);
			runOnlyForDeploymentPostprocessing = 0;
		};
/* End PBXSourcesBuildPhase section */

/* Begin PBXVariantGroup section */
		1CC97278268257D800D48F38 /* LaunchScreen.storyboard */ = {
			isa = PBXVariantGroup;
			children = (
				1CC97279268257D800D48F38 /* Base */,
			);
			name = LaunchScreen.storyboard;
			sourceTree = "<group>";
		};
/* End PBXVariantGroup section */

/* Begin XCBuildConfiguration section */
		1CC9727C268257D800D48F38 /* Debug */ = {
			isa = XCBuildConfiguration;
			buildSettings = {
				ALWAYS_SEARCH_USER_PATHS = NO;
				CLANG_ANALYZER_NONNULL = YES;
				CLANG_ANALYZER_NUMBER_OBJECT_CONVERSION = YES_AGGRESSIVE;
				CLANG_CXX_LANGUAGE_STANDARD = "gnu++14";
				CLANG_CXX_LIBRARY = "libc++";
				CLANG_ENABLE_MODULES = YES;
				CLANG_ENABLE_OBJC_ARC = YES;
				CLANG_ENABLE_OBJC_WEAK = YES;
				CLANG_WARN_BLOCK_CAPTURE_AUTORELEASING = YES;
				CLANG_WARN_BOOL_CONVERSION = YES;
				CLANG_WARN_COMMA = YES;
				CLANG_WARN_CONSTANT_CONVERSION = YES;
				CLANG_WARN_DEPRECATED_OBJC_IMPLEMENTATIONS = YES;
				CLANG_WARN_DIRECT_OBJC_ISA_USAGE = YES_ERROR;
				CLANG_WARN_DOCUMENTATION_COMMENTS = YES;
				CLANG_WARN_EMPTY_BODY = YES;
				CLANG_WARN_ENUM_CONVERSION = YES;
				CLANG_WARN_INFINITE_RECURSION = YES;
				CLANG_WARN_INT_CONVERSION = YES;
				CLANG_WARN_NON_LITERAL_NULL_CONVERSION = YES;
				CLANG_WARN_OBJC_IMPLICIT_RETAIN_SELF = YES;
				CLANG_WARN_OBJC_LITERAL_CONVERSION = YES;
				CLANG_WARN_OBJC_ROOT_CLASS = YES_ERROR;
				CLANG_WARN_QUOTED_INCLUDE_IN_FRAMEWORK_HEADER = YES;
				CLANG_WARN_RANGE_LOOP_ANALYSIS = YES;
				CLANG_WARN_STRICT_PROTOTYPES = YES;
				CLANG_WARN_SUSPICIOUS_MOVE = YES;
				CLANG_WARN_UNGUARDED_AVAILABILITY = YES_AGGRESSIVE;
				CLANG_WARN_UNREACHABLE_CODE = YES;
				CLANG_WARN__DUPLICATE_METHOD_MATCH = YES;
				COPY_PHASE_STRIP = NO;
				DEBUG_INFORMATION_FORMAT = dwarf;
				ENABLE_STRICT_OBJC_MSGSEND = YES;
				ENABLE_TESTABILITY = YES;
				GCC_C_LANGUAGE_STANDARD = gnu11;
				GCC_DYNAMIC_NO_PIC = NO;
				GCC_NO_COMMON_BLOCKS = YES;
				GCC_OPTIMIZATION_LEVEL = 0;
				GCC_PREPROCESSOR_DEFINITIONS = (
					"DEBUG=1",
					"$(inherited)",
				);
				GCC_WARN_64_TO_32_BIT_CONVERSION = YES;
				GCC_WARN_ABOUT_RETURN_TYPE = YES_ERROR;
				GCC_WARN_UNDECLARED_SELECTOR = YES;
				GCC_WARN_UNINITIALIZED_AUTOS = YES_AGGRESSIVE;
				GCC_WARN_UNUSED_FUNCTION = YES;
				GCC_WARN_UNUSED_VARIABLE = YES;
				IPHONEOS_DEPLOYMENT_TARGET = 14.5;
				MTL_ENABLE_DEBUG_INFO = INCLUDE_SOURCE;
				MTL_FAST_MATH = YES;
				ONLY_ACTIVE_ARCH = YES;
				SDKROOT = iphoneos;
				SWIFT_ACTIVE_COMPILATION_CONDITIONS = DEBUG;
				SWIFT_OPTIMIZATION_LEVEL = "-Onone";
			};
			name = Debug;
		};
		1CC9727D268257D800D48F38 /* Release */ = {
			isa = XCBuildConfiguration;
			buildSettings = {
				ALWAYS_SEARCH_USER_PATHS = NO;
				CLANG_ANALYZER_NONNULL = YES;
				CLANG_ANALYZER_NUMBER_OBJECT_CONVERSION = YES_AGGRESSIVE;
				CLANG_CXX_LANGUAGE_STANDARD = "gnu++14";
				CLANG_CXX_LIBRARY = "libc++";
				CLANG_ENABLE_MODULES = YES;
				CLANG_ENABLE_OBJC_ARC = YES;
				CLANG_ENABLE_OBJC_WEAK = YES;
				CLANG_WARN_BLOCK_CAPTURE_AUTORELEASING = YES;
				CLANG_WARN_BOOL_CONVERSION = YES;
				CLANG_WARN_COMMA = YES;
				CLANG_WARN_CONSTANT_CONVERSION = YES;
				CLANG_WARN_DEPRECATED_OBJC_IMPLEMENTATIONS = YES;
				CLANG_WARN_DIRECT_OBJC_ISA_USAGE = YES_ERROR;
				CLANG_WARN_DOCUMENTATION_COMMENTS = YES;
				CLANG_WARN_EMPTY_BODY = YES;
				CLANG_WARN_ENUM_CONVERSION = YES;
				CLANG_WARN_INFINITE_RECURSION = YES;
				CLANG_WARN_INT_CONVERSION = YES;
				CLANG_WARN_NON_LITERAL_NULL_CONVERSION = YES;
				CLANG_WARN_OBJC_IMPLICIT_RETAIN_SELF = YES;
				CLANG_WARN_OBJC_LITERAL_CONVERSION = YES;
				CLANG_WARN_OBJC_ROOT_CLASS = YES_ERROR;
				CLANG_WARN_QUOTED_INCLUDE_IN_FRAMEWORK_HEADER = YES;
				CLANG_WARN_RANGE_LOOP_ANALYSIS = YES;
				CLANG_WARN_STRICT_PROTOTYPES = YES;
				CLANG_WARN_SUSPICIOUS_MOVE = YES;
				CLANG_WARN_UNGUARDED_AVAILABILITY = YES_AGGRESSIVE;
				CLANG_WARN_UNREACHABLE_CODE = YES;
				CLANG_WARN__DUPLICATE_METHOD_MATCH = YES;
				COPY_PHASE_STRIP = NO;
				DEBUG_INFORMATION_FORMAT = "dwarf-with-dsym";
				ENABLE_NS_ASSERTIONS = NO;
				ENABLE_STRICT_OBJC_MSGSEND = YES;
				GCC_C_LANGUAGE_STANDARD = gnu11;
				GCC_NO_COMMON_BLOCKS = YES;
				GCC_WARN_64_TO_32_BIT_CONVERSION = YES;
				GCC_WARN_ABOUT_RETURN_TYPE = YES_ERROR;
				GCC_WARN_UNDECLARED_SELECTOR = YES;
				GCC_WARN_UNINITIALIZED_AUTOS = YES_AGGRESSIVE;
				GCC_WARN_UNUSED_FUNCTION = YES;
				GCC_WARN_UNUSED_VARIABLE = YES;
				IPHONEOS_DEPLOYMENT_TARGET = 14.5;
				MTL_ENABLE_DEBUG_INFO = NO;
				MTL_FAST_MATH = YES;
				SDKROOT = iphoneos;
				SWIFT_COMPILATION_MODE = wholemodule;
				SWIFT_OPTIMIZATION_LEVEL = "-O";
				VALIDATE_PRODUCT = YES;
			};
			name = Release;
		};
		1CC9727F268257D800D48F38 /* Debug */ = {
			isa = XCBuildConfiguration;
			baseConfigurationReference = E3648BF44DFA4A79BA06C1FE /* Pods-VkFeed.debug.xcconfig */;
			buildSettings = {
				ASSETCATALOG_COMPILER_APPICON_NAME = AppIcon;
				ASSETCATALOG_COMPILER_GLOBAL_ACCENT_COLOR_NAME = AccentColor;
				CODE_SIGN_STYLE = Automatic;
				INFOPLIST_FILE = VkFeed/Info.plist;
				LD_RUNPATH_SEARCH_PATHS = (
					"$(inherited)",
					"@executable_path/Frameworks",
				);
				PRODUCT_BUNDLE_IDENTIFIER = MT.VkFeed;
				PRODUCT_NAME = "$(TARGET_NAME)";
				SWIFT_VERSION = 5.0;
				TARGETED_DEVICE_FAMILY = "1,2";
			};
			name = Debug;
		};
		1CC97280268257D800D48F38 /* Release */ = {
			isa = XCBuildConfiguration;
			baseConfigurationReference = 72FEDC65CA545D70EB11CEA9 /* Pods-VkFeed.release.xcconfig */;
			buildSettings = {
				ASSETCATALOG_COMPILER_APPICON_NAME = AppIcon;
				ASSETCATALOG_COMPILER_GLOBAL_ACCENT_COLOR_NAME = AccentColor;
				CODE_SIGN_STYLE = Automatic;
				INFOPLIST_FILE = VkFeed/Info.plist;
				LD_RUNPATH_SEARCH_PATHS = (
					"$(inherited)",
					"@executable_path/Frameworks",
				);
				PRODUCT_BUNDLE_IDENTIFIER = MT.VkFeed;
				PRODUCT_NAME = "$(TARGET_NAME)";
				SWIFT_VERSION = 5.0;
				TARGETED_DEVICE_FAMILY = "1,2";
			};
			name = Release;
		};
/* End XCBuildConfiguration section */

/* Begin XCConfigurationList section */
		1CC97265268257D400D48F38 /* Build configuration list for PBXProject "VkFeed" */ = {
			isa = XCConfigurationList;
			buildConfigurations = (
				1CC9727C268257D800D48F38 /* Debug */,
				1CC9727D268257D800D48F38 /* Release */,
			);
			defaultConfigurationIsVisible = 0;
			defaultConfigurationName = Release;
		};
		1CC9727E268257D800D48F38 /* Build configuration list for PBXNativeTarget "VkFeed" */ = {
			isa = XCConfigurationList;
			buildConfigurations = (
				1CC9727F268257D800D48F38 /* Debug */,
				1CC97280268257D800D48F38 /* Release */,
			);
			defaultConfigurationIsVisible = 0;
			defaultConfigurationName = Release;
		};
/* End XCConfigurationList section */
	};
	rootObject = 1CC97262268257D400D48F38 /* Project object */;
}
